
Microsoft Visual Studio Solution File, Format Version 12.00
# Visual Studio Version 17
VisualStudioVersion = 17.2.32519.379
MinimumVisualStudioVersion = 10.0.40219.1
Project("{FAE04EC0-301F-11D3-BF4B-00C04F79EFBC}") = "Equipment Purchase Support", "Equipment Purchase Support\Equipment Purchase Support.csproj", "{F545E9F7-0EE1-4E7B-81C6-3652FD25A04F}"
EndProject
Global
	GlobalSection(SolutionConfigurationPlatforms) = preSolution
		Debug|Any CPU = Debug|Any CPU
		Release|Any CPU = Release|Any CPU
	EndGlobalSection
	GlobalSection(ProjectConfigurationPlatforms) = postSolution
		{F545E9F7-0EE1-4E7B-81C6-3652FD25A04F}.Debug|Any CPU.ActiveCfg = Debug|Any CPU
		{F545E9F7-0EE1-4E7B-81C6-3652FD25A04F}.Debug|Any CPU.Build.0 = Debug|Any CPU
		{F545E9F7-0EE1-4E7B-81C6-3652FD25A04F}.Release|Any CPU.ActiveCfg = Release|Any CPU
		{F545E9F7-0EE1-4E7B-81C6-3652FD25A04F}.Release|Any CPU.Build.0 = Release|Any CPU
	EndGlobalSection
	GlobalSection(SolutionProperties) = preSolution
		HideSolutionNode = FALSE
	EndGlobalSection
	GlobalSection(ExtensibilityGlobals) = postSolution
		SolutionGuid = {052FA42C-636D-4150-B13A-F095040B4EE3}
	EndGlobalSection
EndGlobal
